{
    "_readme": [
        "This file locks the dependencies of your project to a known state",
        "Read more about it at https://getcomposer.org/doc/01-basic-usage.md#composer-lock-the-lock-file",
        "This file is @generated automatically"
    ],
    "hash": "0c0da8def3fad1a0079b91a4489afff4",
    "content-hash": "eb2ca2e5c7a6613d246134c152bb99ac",
    "packages": [
        {
            "name": "mustache/mustache",
            "version": "v2.9.0",
            "source": {
                "type": "git",
                "url": "https://github.com/bobthecow/mustache.php.git",
                "reference": "c745b01956caf27d26b55a72a90aff56bc169cd6"
            },
            "dist": {
                "type": "zip",
                "url": "https://api.github.com/repos/bobthecow/mustache.php/zipball/c745b01956caf27d26b55a72a90aff56bc169cd6",
                "reference": "c745b01956caf27d26b55a72a90aff56bc169cd6",
                "shasum": ""
            },
            "require": {
                "php": ">=5.2.4"
            },
            "require-dev": {
                "fabpot/php-cs-fixer": "~1.6",
                "phpunit/phpunit": "~3.7|~4.0"
            },
            "type": "library",
            "autoload": {
                "psr-0": {
                    "Mustache": "src/"
                }
            },
            "notification-url": "https://packagist.org/downloads/",
            "license": [
                "MIT"
            ],
            "authors": [
                {
                    "name": "Justin Hileman",
                    "email": "justin@justinhileman.info",
                    "homepage": "http://justinhileman.com"
                }
            ],
            "description": "A Mustache implementation in PHP.",
            "homepage": "https://github.com/bobthecow/mustache.php",
            "keywords": [
                "mustache",
                "templating"
            ],
            "time": "2015-08-15 19:23:13"
        },
        {
            "name": "natxet/CssMin",
            "version": "v3.0.4",
            "source": {
                "type": "git",
                "url": "https://github.com/natxet/CssMin.git",
                "reference": "92de3fe3ccb4f8298d31952490ef7d5395855c39"
            },
            "dist": {
                "type": "zip",
                "url": "https://api.github.com/repos/natxet/CssMin/zipball/92de3fe3ccb4f8298d31952490ef7d5395855c39",
                "reference": "92de3fe3ccb4f8298d31952490ef7d5395855c39",
                "shasum": ""
            },
            "require": {
                "php": ">=5.0"
            },
            "type": "library",
            "extra": {
                "branch-alias": {
                    "dev-master": "3.0-dev"
                }
            },
            "autoload": {
                "classmap": [
                    "src/"
                ]
            },
            "notification-url": "https://packagist.org/downloads/",
            "license": [
                "MIT"
            ],
            "authors": [
                {
                    "name": "Joe Scylla",
                    "email": "joe.scylla@gmail.com",
                    "homepage": "https://profiles.google.com/joe.scylla"
                }
            ],
            "description": "Minifying CSS",
            "homepage": "http://code.google.com/p/cssmin/",
            "keywords": [
                "css",
                "minify"
            ],
            "time": "2015-09-25 11:13:11"
        },
        {
            "name": "page-carbajal/wpexpress",
            "version": "dev-master",
            "source": {
                "type": "git",
                "url": "https://github.com/Page-Carbajal/WPExpress.git",
                "reference": "80d2bd5397725b97337bf47bab228618f63fdfc8"
            },
            "require": {
                "mustache/mustache": "^2.9",
                "php": ">=5.3"
            },
            "type": "lybrary",
            "autoload": {
                "psr-4": {
                    "WPExpress\\": "source/"
                }
            },
            "license": [
                "GNU-3.0"
            ],
            "authors": [
                {
                    "name": "Page Carbajal",
                    "homepage": "http://pagecarbajal.com"
                }
            ],
            "homepage": "https://github.com/Page-Carbajal/WPExpress",
            "time": "2015-10-26 21:44:31"
        }
    ],
    "packages-dev": [],
    "aliases": [],
    "minimum-stability": "stable",
    "stability-flags": {
        "page-carbajal/wpexpress": 20
    },
    "prefer-stable": false,
    "prefer-lowest": false,
    "platform": [],
    "platform-dev": []
}
